// !$*UTF8*$!
{
	archiveVersion = 1;
	classes = {};
	objectVersion = 77;
	objects = {

/* Begin PBXBuildFile section */
		A10000000000000000000001 /* PicooCameraApp.swift in Sources */ = {isa = PBXBuildFile; fileRef = A20000000000000000000001 /* PicooCameraApp.swift */; };
		A10000000000000000000002 /* ContentView.swift in Sources */ = {isa = PBXBuildFile; fileRef = A20000000000000000000002 /* ContentView.swift */; };
		A10000000000000000000003 /* PicooSenderSession.swift in Sources */ = {isa = PBXBuildFile; fileRef = A20000000000000000000003 /* PicooSenderSession.swift */; };
		A10000000000000000000004 /* PicooSenderSessionTests.swift in Sources */ = {isa = PBXBuildFile; fileRef = A20000000000000000000004 /* PicooSenderSessionTests.swift */; };
		A10000000000000000000005 /* PicooCore.xcframework in Frameworks */ = {isa = PBXBuildFile; fileRef = A20000000000000000000007 /* PicooCore.xcframework */; };
		A10000000000000000000006 /* Security.framework in Frameworks */ = {isa = PBXBuildFile; fileRef = A20000000000000000000008 /* Security.framework */; };
		A10000000000000000000007 /* SystemConfiguration.framework in Frameworks */ = {isa = PBXBuildFile; fileRef = A20000000000000000000009 /* SystemConfiguration.framework */; };
/* End PBXBuildFile section */

/* Begin PBXContainerItemProxy section */
		A30000000000000000000001 /* PBXContainerItemProxy */ = {
			isa = PBXContainerItemProxy;
			containerPortal = B00000000000000000000001 /* Project object */;
			proxyType = 1;
			remoteGlobalIDString = B10000000000000000000001;
			remoteInfo = PicooCamera;
		};
/* End PBXContainerItemProxy section */

/* Begin PBXFileReference section */
		A20000000000000000000001 /* PicooCameraApp.swift */ = {isa = PBXFileReference; lastKnownFileType = sourcecode.swift; path = PicooCameraApp.swift; sourceTree = "<group>"; };
		A20000000000000000000002 /* ContentView.swift */ = {isa = PBXFileReference; lastKnownFileType = sourcecode.swift; path = ContentView.swift; sourceTree = "<group>"; };
		A20000000000000000000003 /* PicooSenderSession.swift */ = {isa = PBXFileReference; lastKnownFileType = sourcecode.swift; path = PicooSenderSession.swift; sourceTree = "<group>"; };
		A2000000000000000000000A /* Info.plist */ = {isa = PBXFileReference; lastKnownFileType = text.plist.xml; path = Info.plist; sourceTree = "<group>"; };
		A20000000000000000000004 /* PicooSenderSessionTests.swift */ = {isa = PBXFileReference; lastKnownFileType = sourcecode.swift; path = PicooSenderSessionTests.swift; sourceTree = "<group>"; };
		A20000000000000000000005 /* PicooCamera.app */ = {isa = PBXFileReference; explicitFileType = wrapper.application; includeInIndex = 0; path = PicooCamera.app; sourceTree = BUILT_PRODUCTS_DIR; };
		A20000000000000000000006 /* PicooCameraTests.xctest */ = {isa = PBXFileReference; explicitFileType = wrapper.cfbundle; includeInIndex = 0; path = PicooCameraTests.xctest; sourceTree = BUILT_PRODUCTS_DIR; };
		A20000000000000000000007 /* PicooCore.xcframework */ = {isa = PBXFileReference; lastKnownFileType = wrapper.xcframework; name = PicooCore.xcframework; path = "$(PICOO_CORE_XCFRAMEWORK_PATH)"; sourceTree = "<absolute>"; };
		A20000000000000000000008 /* Security.framework */ = {isa = PBXFileReference; lastKnownFileType = wrapper.framework; name = Security.framework; path = System/Library/Frameworks/Security.framework; sourceTree = SDKROOT; };
		A20000000000000000000009 /* SystemConfiguration.framework */ = {isa = PBXFileReference; lastKnownFileType = wrapper.framework; name = SystemConfiguration.framework; path = System/Library/Frameworks/SystemConfiguration.framework; sourceTree = SDKROOT; };
/* End PBXFileReference section */

/* Begin PBXFrameworksBuildPhase section */
		A40000000000000000000001 /* Frameworks */ = {
			isa = PBXFrameworksBuildPhase;
			buildActionMask = 2147483647;
			files = (
				A10000000000000000000005 /* PicooCore.xcframework in Frameworks */,
				A10000000000000000000006 /* Security.framework in Frameworks */,
				A10000000000000000000007 /* SystemConfiguration.framework in Frameworks */,
			);
			runOnlyForDeploymentPostprocessing = 0;
		};
		A40000000000000000000002 /* Frameworks */ = {
			isa = PBXFrameworksBuildPhase;
			buildActionMask = 2147483647;
			files = ();
			runOnlyForDeploymentPostprocessing = 0;
		};
/* End PBXFrameworksBuildPhase section */

/* Begin PBXGroup section */
		A50000000000000000000001 = {
			isa = PBXGroup;
			children = (
				A50000000000000000000002 /* PicooCamera */,
				A50000000000000000000003 /* PicooCameraTests */,
				A50000000000000000000004 /* Frameworks */,
				A50000000000000000000005 /* Products */,
			);
			sourceTree = "<group>";
		};
		A50000000000000000000002 /* PicooCamera */ = {
			isa = PBXGroup;
			children = (
				A20000000000000000000001 /* PicooCameraApp.swift */,
				A20000000000000000000002 /* ContentView.swift */,
				A20000000000000000000003 /* PicooSenderSession.swift */,
				A2000000000000000000000A /* Info.plist */,
			);
			path = PicooCamera;
			sourceTree = "<group>";
		};
		A50000000000000000000003 /* PicooCameraTests */ = {
			isa = PBXGroup;
			children = (
				A20000000000000000000004 /* PicooSenderSessionTests.swift */,
			);
			path = PicooCameraTests;
			sourceTree = "<group>";
		};
		A50000000000000000000004 /* Frameworks */ = {
			isa = PBXGroup;
			children = (
				A20000000000000000000007 /* PicooCore.xcframework */,
				A20000000000000000000008 /* Security.framework */,
				A20000000000000000000009 /* SystemConfiguration.framework */,
			);
			name = Frameworks;
			sourceTree = "<group>";
		};
		A50000000000000000000005 /* Products */ = {
			isa = PBXGroup;
			children = (
				A20000000000000000000005 /* PicooCamera.app */,
				A20000000000000000000006 /* PicooCameraTests.xctest */,
			);
			name = Products;
			sourceTree = "<group>";
		};
/* End PBXGroup section */

/* Begin PBXNativeTarget section */
		B10000000000000000000001 /* PicooCamera */ = {
			isa = PBXNativeTarget;
			buildConfigurationList = C10000000000000000000002 /* Build configuration list for PBXNativeTarget "PicooCamera" */;
			buildPhases = (
				A60000000000000000000001 /* Sources */,
				A40000000000000000000001 /* Frameworks */,
				A70000000000000000000001 /* Resources */,
			);
			buildRules = ();
			dependencies = ();
			name = PicooCamera;
			productName = PicooCamera;
			productReference = A20000000000000000000005 /* PicooCamera.app */;
			productType = "com.apple.product-type.application";
		};
		B10000000000000000000002 /* PicooCameraTests */ = {
			isa = PBXNativeTarget;
			buildConfigurationList = C10000000000000000000003 /* Build configuration list for PBXNativeTarget "PicooCameraTests" */;
			buildPhases = (
				A60000000000000000000002 /* Sources */,
				A40000000000000000000002 /* Frameworks */,
				A70000000000000000000002 /* Resources */,
			);
			buildRules = ();
			dependencies = (
				A80000000000000000000001 /* PBXTargetDependency */,
			);
			name = PicooCameraTests;
			productName = PicooCameraTests;
			productReference = A20000000000000000000006 /* PicooCameraTests.xctest */;
			productType = "com.apple.product-type.bundle.unit-test";
		};
/* End PBXNativeTarget section */

/* Begin PBXProject section */
		B00000000000000000000001 /* Project object */ = {
			isa = PBXProject;
			attributes = {
				BuildIndependentTargetsInParallel = 1;
				LastSwiftUpdateCheck = 2660;
				LastUpgradeCheck = 2660;
				TargetAttributes = {
					B10000000000000000000001 = {CreatedOnToolsVersion = 26.6; };
					B10000000000000000000002 = {CreatedOnToolsVersion = 26.6; TestTargetID = B10000000000000000000001; };
				};
			};
			buildConfigurationList = C10000000000000000000001 /* Build configuration list for PBXProject "PicooCamera" */;
			compatibilityVersion = "Xcode 16.0";
			developmentRegion = en;
			hasScannedForEncodings = 0;
			knownRegions = (en, Base);
			mainGroup = A50000000000000000000001;
			productRefGroup = A50000000000000000000005 /* Products */;
			projectDirPath = "";
			projectRoot = "";
			targets = (
				B10000000000000000000001 /* PicooCamera */,
				B10000000000000000000002 /* PicooCameraTests */,
			);
		};
/* End PBXProject section */

/* Begin PBXResourcesBuildPhase section */
		A70000000000000000000001 /* Resources */ = {isa = PBXResourcesBuildPhase; buildActionMask = 2147483647; files = (); runOnlyForDeploymentPostprocessing = 0; };
		A70000000000000000000002 /* Resources */ = {isa = PBXResourcesBuildPhase; buildActionMask = 2147483647; files = (); runOnlyForDeploymentPostprocessing = 0; };
/* End PBXResourcesBuildPhase section */

/* Begin PBXSourcesBuildPhase section */
		A60000000000000000000001 /* Sources */ = {
			isa = PBXSourcesBuildPhase;
			buildActionMask = 2147483647;
			files = (
				A10000000000000000000001 /* PicooCameraApp.swift in Sources */,
				A10000000000000000000002 /* ContentView.swift in Sources */,
				A10000000000000000000003 /* PicooSenderSession.swift in Sources */,
			);
			runOnlyForDeploymentPostprocessing = 0;
		};
		A60000000000000000000002 /* Sources */ = {
			isa = PBXSourcesBuildPhase;
			buildActionMask = 2147483647;
			files = (
				A10000000000000000000004 /* PicooSenderSessionTests.swift in Sources */,
			);
			runOnlyForDeploymentPostprocessing = 0;
		};
/* End PBXSourcesBuildPhase section */

/* Begin PBXTargetDependency section */
		A80000000000000000000001 /* PBXTargetDependency */ = {
			isa = PBXTargetDependency;
			target = B10000000000000000000001 /* PicooCamera */;
			targetProxy = A30000000000000000000001 /* PBXContainerItemProxy */;
		};
/* End PBXTargetDependency section */

/* Begin XCBuildConfiguration section */
		C20000000000000000000001 /* Debug */ = {
			isa = XCBuildConfiguration;
			buildSettings = {
				ARCHS = arm64;
				CLANG_ENABLE_MODULES = YES;
				IPHONEOS_DEPLOYMENT_TARGET = 18.0;
				PICOO_CORE_XCFRAMEWORK_PATH = "$(SRCROOT)/../../target/apple/PicooCore.xcframework";
				SDKROOT = iphoneos;
				SWIFT_VERSION = 6.0;
			};
			name = Debug;
		};
		C20000000000000000000002 /* Release */ = {
			isa = XCBuildConfiguration;
			buildSettings = {
				ARCHS = arm64;
				CLANG_ENABLE_MODULES = YES;
				IPHONEOS_DEPLOYMENT_TARGET = 18.0;
				PICOO_CORE_XCFRAMEWORK_PATH = "$(SRCROOT)/../../target/apple/PicooCore.xcframework";
				SDKROOT = iphoneos;
				SWIFT_COMPILATION_MODE = wholemodule;
				SWIFT_VERSION = 6.0;
			};
			name = Release;
		};
		C20000000000000000000003 /* Debug */ = {
			isa = XCBuildConfiguration;
			buildSettings = {
				CODE_SIGN_STYLE = Automatic;
				CURRENT_PROJECT_VERSION = 1;
				DEVELOPMENT_ASSET_PATHS = "";
				ENABLE_TESTABILITY = YES;
				GENERATE_INFOPLIST_FILE = NO;
				INFOPLIST_FILE = PicooCamera/Info.plist;
				LD_RUNPATH_SEARCH_PATHS = "$(inherited) @executable_path/Frameworks";
				MARKETING_VERSION = 0.1.0;
				PRODUCT_BUNDLE_IDENTIFIER = com.picoo.camera;
				PRODUCT_NAME = "$(TARGET_NAME)";
				SUPPORTED_PLATFORMS = "iphoneos iphonesimulator";
				SUPPORTS_MACCATALYST = NO;
				SWIFT_OPTIMIZATION_LEVEL = "-Onone";
				TARGETED_DEVICE_FAMILY = 1;
			};
			name = Debug;
		};
		C20000000000000000000004 /* Release */ = {
			isa = XCBuildConfiguration;
			buildSettings = {
				CODE_SIGN_STYLE = Automatic;
				CURRENT_PROJECT_VERSION = 1;
				GENERATE_INFOPLIST_FILE = NO;
				INFOPLIST_FILE = PicooCamera/Info.plist;
				LD_RUNPATH_SEARCH_PATHS = "$(inherited) @executable_path/Frameworks";
				MARKETING_VERSION = 0.1.0;
				PRODUCT_BUNDLE_IDENTIFIER = com.picoo.camera;
				PRODUCT_NAME = "$(TARGET_NAME)";
				SUPPORTED_PLATFORMS = "iphoneos iphonesimulator";
				SUPPORTS_MACCATALYST = NO;
				TARGETED_DEVICE_FAMILY = 1;
			};
			name = Release;
		};
		C20000000000000000000005 /* Debug */ = {
			isa = XCBuildConfiguration;
			buildSettings = {
				BUNDLE_LOADER = "$(TEST_HOST)";
				CODE_SIGN_STYLE = Automatic;
				GENERATE_INFOPLIST_FILE = YES;
				PRODUCT_BUNDLE_IDENTIFIER = com.picoo.camera.tests;
				PRODUCT_NAME = "$(TARGET_NAME)";
				SWIFT_OPTIMIZATION_LEVEL = "-Onone";
				TEST_HOST = "$(BUILT_PRODUCTS_DIR)/PicooCamera.app/$(BUNDLE_EXECUTABLE_FOLDER_PATH)/PicooCamera";
			};
			name = Debug;
		};
		C20000000000000000000006 /* Release */ = {
			isa = XCBuildConfiguration;
			buildSettings = {
				BUNDLE_LOADER = "$(TEST_HOST)";
				CODE_SIGN_STYLE = Automatic;
				GENERATE_INFOPLIST_FILE = YES;
				PRODUCT_BUNDLE_IDENTIFIER = com.picoo.camera.tests;
				PRODUCT_NAME = "$(TARGET_NAME)";
				TEST_HOST = "$(BUILT_PRODUCTS_DIR)/PicooCamera.app/$(BUNDLE_EXECUTABLE_FOLDER_PATH)/PicooCamera";
			};
			name = Release;
		};
/* End XCBuildConfiguration section */

/* Begin XCConfigurationList section */
		C10000000000000000000001 /* Build configuration list for PBXProject "PicooCamera" */ = {
			isa = XCConfigurationList;
			buildConfigurations = (C20000000000000000000001 /* Debug */, C20000000000000000000002 /* Release */);
			defaultConfigurationIsVisible = 0;
			defaultConfigurationName = Release;
		};
		C10000000000000000000002 /* Build configuration list for PBXNativeTarget "PicooCamera" */ = {
			isa = XCConfigurationList;
			buildConfigurations = (C20000000000000000000003 /* Debug */, C20000000000000000000004 /* Release */);
			defaultConfigurationIsVisible = 0;
			defaultConfigurationName = Release;
		};
		C10000000000000000000003 /* Build configuration list for PBXNativeTarget "PicooCameraTests" */ = {
			isa = XCConfigurationList;
			buildConfigurations = (C20000000000000000000005 /* Debug */, C20000000000000000000006 /* Release */);
			defaultConfigurationIsVisible = 0;
			defaultConfigurationName = Release;
		};
/* End XCConfigurationList section */
	};
	rootObject = B00000000000000000000001 /* Project object */;
}
